<?xml version="1.0" encoding="utf-8"?>
<Project ToolsVersion="4.0" xmlns="http://schemas.microsoft.com/developer/msbuild/2003">
  <ItemGroup>
    <Filter Include="Source Files">
      <UniqueIdentifier>{4FC737F1-C7A5-4376-A066-2A32D752A2FF}</UniqueIdentifier>
      <Extensions>cpp;c;cc;cxx;c++;cppm;ixx;def;odl;idl;hpj;bat;asm;asmx</Extensions>
    </Filter>
    <Filter Include="Header Files">
      <UniqueIdentifier>{93995380-89BD-4b04-88EB-625FBE52EBFB}</UniqueIdentifier>
      <Extensions>h;hh;hpp;hxx;h++;hm;inl;inc;ipp;xsd</Extensions>
    </Filter>
    <Filter Include="Resource Files">
      <UniqueIdentifier>{67DA6AB6-F800-4c08-8B7A-83BB121AAD01}</UniqueIdentifier>
      <Extensions>rc;ico;cur;bmp;dlg;rc2;rct;bin;rgs;gif;jpg;jpeg;jpe;resx;tiff;tif;png;wav;mfcribbon-ms</Extensions>
    </Filter>
    <Filter Include="Header Files\Manager">
      <UniqueIdentifier>{f4e72cf3-d72c-44bc-8eec-a2f2174c600f}</UniqueIdentifier>
    </Filter>
    <Filter Include="Header Files\Entities">
      <UniqueIdentifier>{77e7ebf2-0197-4453-98b9-e3c4565c0473}</UniqueIdentifier>
    </Filter>
    <Filter Include="Source Files\Manager">
      <UniqueIdentifier>{83740d4a-88ff-4670-b589-8a7f771998f6}</UniqueIdentifier>
    </Filter>
    <Filter Include="Source Files\Entities">
      <UniqueIdentifier>{24b36efb-9bb4-4e77-ba24-a40d387467a4}</UniqueIdentifier>
    </Filter>
    <Filter Include="Header Files\Tanks">
      <UniqueIdentifier>{d8413970-a147-4ce1-b990-794d8100b344}</UniqueIdentifier>
    </Filter>
    <Filter Include="Source Files\Tanks">
      <UniqueIdentifier>{eb47e243-4315-4d74-abb1-d62e510dc9a0}</UniqueIdentifier>
    </Filter>
    <Filter Include="Header Files\Tanks\Screen">
      <UniqueIdentifier>{46f82471-83d2-44d1-840b-72ce3845b8f9}</UniqueIdentifier>
    </Filter>
    <Filter Include="Source Files\Tanks\Screen">
      <UniqueIdentifier>{a6693738-4541-431b-964d-0b1bee54373a}</UniqueIdentifier>
    </Filter>
    <Filter Include="Header Files\Tanks\Physic">
      <UniqueIdentifier>{e0c608c4-f73f-41c8-9696-683aad05e1c9}</UniqueIdentifier>
    </Filter>
    <Filter Include="Source Files\Tanks\Physic">
      <UniqueIdentifier>{d086cb3f-05e0-48ca-966c-6d98ff87de95}</UniqueIdentifier>
    </Filter>
  </ItemGroup>
  <ItemGroup>
    <ClCompile Include="Main.cpp">
      <Filter>Source Files</Filter>
    </ClCompile>
    <ClCompile Include="AssetManager.cpp">
      <Filter>Source Files\Manager</Filter>
    </ClCompile>
    <ClCompile Include="AudioManager.cpp">
      <Filter>Source Files\Manager</Filter>
    </ClCompile>
    <ClCompile Include="InputManager.cpp">
      <Filter>Source Files\Manager</Filter>
    </ClCompile>
    <ClCompile Include="GameManager.cpp">
      <Filter>Source Files\Manager</Filter>
    </ClCompile>
    <ClCompile Include="Graphics.cpp">
      <Filter>Source Files\Manager</Filter>
    </ClCompile>
    <ClCompile Include="GameEntity.cpp">
      <Filter>Source Files\Entities</Filter>
    </ClCompile>
    <ClCompile Include="Texture.cpp">
      <Filter>Source Files\Entities</Filter>
    </ClCompile>
    <ClCompile Include="Level.cpp">
      <Filter>Source Files\Tanks</Filter>
    </ClCompile>
    <ClCompile Include="AnimatedTexture.cpp">
      <Filter>Source Files\Entities</Filter>
    </ClCompile>
    <ClCompile Include="Player.cpp">
      <Filter>Source Files\Tanks</Filter>
    </ClCompile>
    <ClCompile Include="Scoreboard.cpp">
      <Filter>Source Files\Tanks</Filter>
    </ClCompile>
    <ClCompile Include="Timer.cpp">
      <Filter>Source Files\Manager</Filter>
    </ClCompile>
    <ClCompile Include="StartScreen.cpp">
      <Filter>Source Files\Tanks\Screen</Filter>
    </ClCompile>
    <ClCompile Include="ScreenManager.cpp">
      <Filter>Source Files\Tanks\Screen</Filter>
    </ClCompile>
    <ClCompile Include="PlayScreen.cpp">
      <Filter>Source Files\Tanks\Screen</Filter>
    </ClCompile>
    <ClCompile Include="PlayTopBar.cpp">
      <Filter>Source Files\Tanks\Screen</Filter>
    </ClCompile>
    <ClCompile Include="Bullet.cpp">
      <Filter>Source Files\Tanks</Filter>
    </ClCompile>
    <ClCompile Include="Enermy.cpp">
      <Filter>Source Files\Tanks</Filter>
    </ClCompile>
    <ClCompile Include="Map.cpp">
      <Filter>Source Files\Tanks</Filter>
    </ClCompile>
    <ClCompile Include="Collider.cpp">
      <Filter>Source Files\Tanks\Physic</Filter>
    </ClCompile>
    <ClCompile Include="PhysicEntity.cpp">
      <Filter>Source Files\Tanks\Physic</Filter>
    </ClCompile>
    <ClCompile Include="BoxCollider.cpp">
      <Filter>Source Files\Tanks\Physic</Filter>
    </ClCompile>
    <ClCompile Include="CircleCollider.cpp">
      <Filter>Source Files\Tanks\Physic</Filter>
    </ClCompile>
    <ClCompile Include="PhysicManager.cpp">
      <Filter>Source Files\Tanks\Physic</Filter>
    </ClCompile>
    <ClCompile Include="BaseTanks.cpp">
      <Filter>Source Files\Tanks</Filter>
    </ClCompile>
  </ItemGroup>
  <ItemGroup>
    <ClInclude Include="AssetManager.h">
      <Filter>Header Files\Manager</Filter>
    </ClInclude>
    <ClInclude Include="AudioManager.h">
      <Filter>Header Files\Manager</Filter>
    </ClInclude>
    <ClInclude Include="InputManager.h">
      <Filter>Header Files\Manager</Filter>
    </ClInclude>
    <ClInclude Include="Graphics.h">
      <Filter>Header Files\Manager</Filter>
    </ClInclude>
    <ClInclude Include="GameManager.h">
      <Filter>Header Files\Manager</Filter>
    </ClInclude>
    <ClInclude Include="GameEntity.h">
      <Filter>Header Files\Entities</Filter>
    </ClInclude>
    <ClInclude Include="Texture.h">
      <Filter>Header Files\Entities</Filter>
    </ClInclude>
    <ClInclude Include="AnimatedTexture.h">
      <Filter>Header Files\Entities</Filter>
    </ClInclude>
    <ClInclude Include="Level.h">
      <Filter>Header Files\Tanks</Filter>
    </ClInclude>
    <ClInclude Include="Player.h">
      <Filter>Header Files\Tanks</Filter>
    </ClInclude>
    <ClInclude Include="Scoreboard.h">
      <Filter>Header Files\Tanks</Filter>
    </ClInclude>
    <ClInclude Include="Timer.h">
      <Filter>Header Files\Manager</Filter>
    </ClInclude>
    <ClInclude Include="MathHelper.h">
      <Filter>Header Files\Manager</Filter>
    </ClInclude>
    <ClInclude Include="StartScreen.h">
      <Filter>Header Files\Tanks\Screen</Filter>
    </ClInclude>
    <ClInclude Include="ScreenManager.h">
      <Filter>Header Files\Tanks\Screen</Filter>
    </ClInclude>
    <ClInclude Include="PlayScreen.h">
      <Filter>Header Files\Tanks\Screen</Filter>
    </ClInclude>
    <ClInclude Include="PlayTopBar.h">
      <Filter>Header Files\Tanks\Screen</Filter>
    </ClInclude>
    <ClInclude Include="Bullet.h">
      <Filter>Header Files\Tanks</Filter>
    </ClInclude>
    <ClInclude Include="Enermy.h">
      <Filter>Header Files\Tanks</Filter>
    </ClInclude>
    <ClInclude Include="Map.h">
      <Filter>Header Files\Tanks</Filter>
    </ClInclude>
    <ClInclude Include="Collider.h">
      <Filter>Header Files\Tanks\Physic</Filter>
    </ClInclude>
    <ClInclude Include="PhysicEntity.h">
      <Filter>Header Files\Tanks\Physic</Filter>
    </ClInclude>
    <ClInclude Include="BoxCollider.h">
      <Filter>Header Files\Tanks\Physic</Filter>
    </ClInclude>
    <ClInclude Include="CircleCollider.h">
      <Filter>Header Files\Tanks\Physic</Filter>
    </ClInclude>
    <ClInclude Include="PhysicManager.h">
      <Filter>Header Files\Tanks\Physic</Filter>
    </ClInclude>
    <ClInclude Include="PhysicsHelper.h">
      <Filter>Header Files\Tanks\Physic</Filter>
    </ClInclude>
    <ClInclude Include="BaseTanks.h">
      <Filter>Header Files\Tanks</Filter>
    </ClInclude>
  </ItemGroup>
</Project>